# This file is automatically @generated by Poetry 1.8.2 and should not be changed by hand.

[[package]]
name = "mouseinfo"
version = "0.1.3"
description = "An application to display XY position and RGB color information for the pixel currently under the mouse. Works on Python 2 and 3."
optional = false
python-versions = "*"
files = [
    {file = "MouseInfo-0.1.3.tar.gz", hash = "sha256:2c62fb8885062b8e520a3cce0a297c657adcc08c60952eb05bc8256ef6f7f6e7"},
]

[package.dependencies]
pyperclip = "*"
python3-Xlib = {version = "*", markers = "platform_system == \"Linux\" and python_version >= \"3.0\""}
rubicon-objc = {version = "*", markers = "platform_system == \"Darwin\""}

[[package]]
name = "pyautogui"
version = "0.9.54"
description = "PyAutoGUI lets Python control the mouse and keyboard, and other GUI automation tasks. For Windows, macOS, and Linux, on Python 3 and 2."
optional = false
python-versions = "*"
files = [
    {file = "PyAutoGUI-0.9.54.tar.gz", hash = "sha256:dd1d29e8fd118941cb193f74df57e5c6ff8e9253b99c7b04f39cfc69f3ae04b2"},
]

[package.dependencies]
mouseinfo = "*"
pygetwindow = ">=0.0.5"
pymsgbox = "*"
pyobjc-core = {version = "*", markers = "platform_system == \"Darwin\""}
pyobjc-framework-quartz = {version = "*", markers = "platform_system == \"Darwin\""}
pyscreeze = ">=0.1.21"
python3-Xlib = {version = "*", markers = "platform_system == \"Linux\" and python_version >= \"3.0\""}
pytweening = ">=1.0.4"

[[package]]
name = "pygetwindow"
version = "0.0.9"
description = "A simple, cross-platform module for obtaining GUI information on application's windows."
optional = false
python-versions = "*"
files = [
    {file = "PyGetWindow-0.0.9.tar.gz", hash = "sha256:17894355e7d2b305cd832d717708384017c1698a90ce24f6f7fbf0242dd0a688"},
]

[package.dependencies]
pyrect = "*"

[[package]]
name = "pymsgbox"
version = "1.0.9"
description = "A simple, cross-platform, pure Python module for JavaScript-like message boxes."
optional = false
python-versions = "*"
files = [
    {file = "PyMsgBox-1.0.9.tar.gz", hash = "sha256:2194227de8bff7a3d6da541848705a155dcbb2a06ee120d9f280a1d7f51263ff"},
]

[[package]]
name = "pyobjc-core"
version = "10.2"
description = "Python<->ObjC Interoperability Module"
optional = false
python-versions = ">=3.8"
files = [
    {file = "pyobjc-core-10.2.tar.gz", hash = "sha256:0153206e15d0e0d7abd53ee8a7fbaf5606602a032e177a028fc8589516a8771c"},
    {file = "pyobjc_core-10.2-cp310-cp310-macosx_10_9_universal2.whl", hash = "sha256:b8eab50ce7f17017a0f1d68c3b7e88bb1bb033415fdff62b8e0a9ee4ab72f242"},
    {file = "pyobjc_core-10.2-cp311-cp311-macosx_10_9_universal2.whl", hash = "sha256:f2115971463073426ab926416e17e5c16de5b90d1a1f2a2d8724637eb1c21308"},
    {file = "pyobjc_core-10.2-cp312-cp312-macosx_10_9_universal2.whl", hash = "sha256:a70546246177c23acb323c9324330e37638f1a0a3d13664abcba3bb75e43012c"},
    {file = "pyobjc_core-10.2-cp38-cp38-macosx_10_9_x86_64.whl", hash = "sha256:a9b5a215080d13bd7526031d21d5eb27a410780878d863f486053a0eba7ca9a5"},
    {file = "pyobjc_core-10.2-cp38-cp38-macosx_11_0_universal2.whl", hash = "sha256:eb1ab700a44bcc4ceb125091dfaae0b998b767b49990df5fdc83eb58158d8e3f"},
    {file = "pyobjc_core-10.2-cp39-cp39-macosx_10_9_universal2.whl", hash = "sha256:c9a7163aff9c47d654f835f80361c1b112886ec754800d34e75d1e02ff52c3d7"},
]

[[package]]
name = "pyobjc-framework-cocoa"
version = "10.2"
description = "Wrappers for the Cocoa frameworks on macOS"
optional = false
python-versions = ">=3.8"
files = [
    {file = "pyobjc-framework-Cocoa-10.2.tar.gz", hash = "sha256:6383141379636b13855dca1b39c032752862b829f93a49d7ddb35046abfdc035"},
    {file = "pyobjc_framework_Cocoa-10.2-cp310-cp310-macosx_10_9_universal2.whl", hash = "sha256:f9227b4f271fda2250f5a88cbc686ff30ae02c0f923bb7854bb47972397496b2"},
    {file = "pyobjc_framework_Cocoa-10.2-cp311-cp311-macosx_10_9_universal2.whl", hash = "sha256:6a6042b7703bdc33b7491959c715c1e810a3f8c7a560c94b36e00ef321480797"},
    {file = "pyobjc_framework_Cocoa-10.2-cp312-cp312-macosx_10_9_universal2.whl", hash = "sha256:18886d5013cd7dc7ecd6e0df5134c767569b5247fc10a5e293c72ee3937b217b"},
    {file = "pyobjc_framework_Cocoa-10.2-cp38-cp38-macosx_10_9_x86_64.whl", hash = "sha256:1ecf01400ee698d2e0ff4c907bcf9608d9d710e97203fbb97b37d208507a9362"},
    {file = "pyobjc_framework_Cocoa-10.2-cp38-cp38-macosx_11_0_universal2.whl", hash = "sha256:0def036a7b24e3ae37a244c77bec96b7c9c8384bf6bb4d33369f0a0c8807a70d"},
    {file = "pyobjc_framework_Cocoa-10.2-cp39-cp39-macosx_10_9_universal2.whl", hash = "sha256:5f47ecc393bc1019c4b47e8653207188df784ac006ad54d8c2eb528906ff7013"},
]

[package.dependencies]
pyobjc-core = ">=10.2"

[[package]]
name = "pyobjc-framework-quartz"
version = "10.2"
description = "Wrappers for the Quartz frameworks on macOS"
optional = false
python-versions = ">=3.8"
files = [
    {file = "pyobjc-framework-Quartz-10.2.tar.gz", hash = "sha256:9b947e081f5bd6cd01c99ab5d62c36500d2d6e8d3b87421c1cbb7f9c885555eb"},
    {file = "pyobjc_framework_Quartz-10.2-cp310-cp310-macosx_10_9_universal2.whl", hash = "sha256:bc0ab739259a717d9d13a739434991b54eb8963ad7c27f9f6d04d68531fb479b"},
    {file = "pyobjc_framework_Quartz-10.2-cp311-cp311-macosx_10_9_universal2.whl", hash = "sha256:2a74d00e933c1e1a1820839323dc5cf252bee8bb98e2a298d961f7ae7905ce71"},
    {file = "pyobjc_framework_Quartz-10.2-cp312-cp312-macosx_10_9_universal2.whl", hash = "sha256:3e8e33246d966c2bd7f5ee2cf3b431582fa434a6ec2b6dbe580045ebf1f55be5"},
    {file = "pyobjc_framework_Quartz-10.2-cp38-cp38-macosx_10_9_x86_64.whl", hash = "sha256:c6ca490eff1be0dd8dc7726edde79c97e21ec1afcf55f75962a79e27b4eb2961"},
    {file = "pyobjc_framework_Quartz-10.2-cp38-cp38-macosx_11_0_universal2.whl", hash = "sha256:d3d54d9fa50de09ee8994248151def58f30b4738eb20755b0bdd5ee1e1f5883d"},
    {file = "pyobjc_framework_Quartz-10.2-cp39-cp39-macosx_10_9_universal2.whl", hash = "sha256:520c8031b2389110f80070b078dde1968caaecb10921f8070046c26132ac9286"},
]

[package.dependencies]
pyobjc-core = ">=10.2"
pyobjc-framework-Cocoa = ">=10.2"

[[package]]
name = "pyperclip"
version = "1.8.2"
description = "A cross-platform clipboard module for Python. (Only handles plain text for now.)"
optional = false
python-versions = "*"
files = [
    {file = "pyperclip-1.8.2.tar.gz", hash = "sha256:105254a8b04934f0bc84e9c24eb360a591aaf6535c9def5f29d92af107a9bf57"},
]

[[package]]
name = "pyrect"
version = "0.2.0"
description = "PyRect is a simple module with a Rect class for Pygame-like rectangular areas."
optional = false
python-versions = "*"
files = [
    {file = "PyRect-0.2.0.tar.gz", hash = "sha256:f65155f6df9b929b67caffbd57c0947c5ae5449d3b580d178074bffb47a09b78"},
]

[[package]]
name = "pyscreeze"
version = "0.1.30"
description = "A simple, cross-platform screenshot module for Python 2 and 3."
optional = false
python-versions = "*"
files = [
    {file = "PyScreeze-0.1.30.tar.gz", hash = "sha256:74098ad048e76a6231dcfa6243343af94459b8c829f9ccb7a44a5d3b147a67d1"},
]

[[package]]
name = "python3-xlib"
version = "0.15"
description = "Python3 X Library"
optional = false
python-versions = "*"
files = [
    {file = "python3-xlib-0.15.tar.gz", hash = "sha256:dc4245f3ae4aa5949c1d112ee4723901ade37a96721ba9645f2bfa56e5b383f8"},
]

[[package]]
name = "pytweening"
version = "1.2.0"
description = "A collection of tweening (aka easing) functions."
optional = false
python-versions = "*"
files = [
    {file = "pytweening-1.2.0.tar.gz", hash = "sha256:243318b7736698066c5f362ec5c2b6434ecf4297c3c8e7caa8abfe6af4cac71b"},
]

[[package]]
name = "rubicon-objc"
version = "0.4.8"
description = "A bridge between an Objective C runtime environment and Python."
optional = false
python-versions = ">=3.8"
files = [
    {file = "rubicon-objc-0.4.8.tar.gz", hash = "sha256:f7bede0f0e73dde07083785984c75b3acf76116298743758ea5c51b3ebb81978"},
    {file = "rubicon_objc-0.4.8-py3-none-any.whl", hash = "sha256:59633f622e3c6e740bd9b3c4b60d0258fc2d30632b05d46cba12fae69539cfd3"},
]

[package.extras]
dev = ["pre-commit (==3.5.0)", "pre-commit (==3.7.0)", "pytest (==8.1.1)", "pytest-tldr (==0.2.5)", "setuptools-scm (==8.0.4)", "tox (==4.14.2)"]
docs = ["furo (==2024.1.29)", "pyenchant (==3.2.2)", "sphinx (==7.1.2)", "sphinx (==7.2.6)", "sphinx-autobuild (==2021.3.14)", "sphinx-autobuild (==2024.2.4)", "sphinx-copybutton (==0.5.2)", "sphinx-tabs (==3.4.5)", "sphinxcontrib-spelling (==8.0.0)"]

[[package]]
name = "ruff"
version = "0.4.2"
description = "An extremely fast Python linter and code formatter, written in Rust."
optional = false
python-versions = ">=3.7"
files = [
    {file = "ruff-0.4.2-py3-none-macosx_10_12_x86_64.macosx_11_0_arm64.macosx_10_12_universal2.whl", hash = "sha256:8d14dc8953f8af7e003a485ef560bbefa5f8cc1ad994eebb5b12136049bbccc5"},
    {file = "ruff-0.4.2-py3-none-macosx_10_12_x86_64.whl", hash = "sha256:24016ed18db3dc9786af103ff49c03bdf408ea253f3cb9e3638f39ac9cf2d483"},
    {file = "ruff-0.4.2-py3-none-manylinux_2_17_aarch64.manylinux2014_aarch64.whl", hash = "sha256:0e2e06459042ac841ed510196c350ba35a9b24a643e23db60d79b2db92af0c2b"},
    {file = "ruff-0.4.2-py3-none-manylinux_2_17_armv7l.manylinux2014_armv7l.whl", hash = "sha256:3afabaf7ba8e9c485a14ad8f4122feff6b2b93cc53cd4dad2fd24ae35112d5c5"},
    {file = "ruff-0.4.2-py3-none-manylinux_2_17_i686.manylinux2014_i686.whl", hash = "sha256:799eb468ea6bc54b95527143a4ceaf970d5aa3613050c6cff54c85fda3fde480"},
    {file = "ruff-0.4.2-py3-none-manylinux_2_17_ppc64.manylinux2014_ppc64.whl", hash = "sha256:ec4ba9436a51527fb6931a8839af4c36a5481f8c19e8f5e42c2f7ad3a49f5069"},
    {file = "ruff-0.4.2-py3-none-manylinux_2_17_ppc64le.manylinux2014_ppc64le.whl", hash = "sha256:6a2243f8f434e487c2a010c7252150b1fdf019035130f41b77626f5655c9ca22"},
    {file = "ruff-0.4.2-py3-none-manylinux_2_17_s390x.manylinux2014_s390x.whl", hash = "sha256:8772130a063f3eebdf7095da00c0b9898bd1774c43b336272c3e98667d4fb8fa"},
    {file = "ruff-0.4.2-py3-none-manylinux_2_17_x86_64.manylinux2014_x86_64.whl", hash = "sha256:6ab165ef5d72392b4ebb85a8b0fbd321f69832a632e07a74794c0e598e7a8376"},
    {file = "ruff-0.4.2-py3-none-musllinux_1_2_aarch64.whl", hash = "sha256:1f32cadf44c2020e75e0c56c3408ed1d32c024766bd41aedef92aa3ca28eef68"},
    {file = "ruff-0.4.2-py3-none-musllinux_1_2_armv7l.whl", hash = "sha256:22e306bf15e09af45ca812bc42fa59b628646fa7c26072555f278994890bc7ac"},
    {file = "ruff-0.4.2-py3-none-musllinux_1_2_i686.whl", hash = "sha256:82986bb77ad83a1719c90b9528a9dd663c9206f7c0ab69282af8223566a0c34e"},
    {file = "ruff-0.4.2-py3-none-musllinux_1_2_x86_64.whl", hash = "sha256:652e4ba553e421a6dc2a6d4868bc3b3881311702633eb3672f9f244ded8908cd"},
    {file = "ruff-0.4.2-py3-none-win32.whl", hash = "sha256:7891ee376770ac094da3ad40c116258a381b86c7352552788377c6eb16d784fe"},
    {file = "ruff-0.4.2-py3-none-win_amd64.whl", hash = "sha256:5ec481661fb2fd88a5d6cf1f83403d388ec90f9daaa36e40e2c003de66751798"},
    {file = "ruff-0.4.2-py3-none-win_arm64.whl", hash = "sha256:cbd1e87c71bca14792948c4ccb51ee61c3296e164019d2d484f3eaa2d360dfaf"},
    {file = "ruff-0.4.2.tar.gz", hash = "sha256:33bcc160aee2520664bc0859cfeaebc84bb7323becff3f303b8f1f2d81cb4edc"},
]

[metadata]
lock-version = "2.0"
python-versions = "^3.12"
content-hash = "422292c6b2088038490951ea42412f6e030462edc7b813ca2f17f976941ba9a6"
